
Microsoft Visual Studio Solution File, Format Version 12.00
# Visual Studio Version 16
VisualStudioVersion = 16.0.30128.74
MinimumVisualStudioVersion = 10.0.40219.1
Project("{9A19103F-16F7-4668-BE54-9A1E7A4F7556}") = "P01_HospitalDatabase", "P01_HospitalDatabase\P01_HospitalDatabase.csproj", "{27D8B067-B98B-4BB5-98E6-FE1ECCE8AB92}"
EndProject
Project("{FAE04EC0-301F-11D3-BF4B-00C04F79EFBC}") = "P03_SalesDatabase", "P03_SalesDatabase\P03_SalesDatabase.csproj", "{D8E95965-B4D5-4824-B696-9D6ACD873F20}"
EndProject
Global
	GlobalSection(SolutionConfigurationPlatforms) = preSolution
		Debug|Any CPU = Debug|Any CPU
		Release|Any CPU = Release|Any CPU
	EndGlobalSection
	GlobalSection(ProjectConfigurationPlatforms) = postSolution
		{27D8B067-B98B-4BB5-98E6-FE1ECCE8AB92}.Debug|Any CPU.ActiveCfg = Debug|Any CPU
		{27D8B067-B98B-4BB5-98E6-FE1ECCE8AB92}.Debug|Any CPU.Build.0 = Debug|Any CPU
		{27D8B067-B98B-4BB5-98E6-FE1ECCE8AB92}.Release|Any CPU.ActiveCfg = Release|Any CPU
		{27D8B067-B98B-4BB5-98E6-FE1ECCE8AB92}.Release|Any CPU.Build.0 = Release|Any CPU
		{D8E95965-B4D5-4824-B696-9D6ACD873F20}.Debug|Any CPU.ActiveCfg = Debug|Any CPU
		{D8E95965-B4D5-4824-B696-9D6ACD873F20}.Debug|Any CPU.Build.0 = Debug|Any CPU
		{D8E95965-B4D5-4824-B696-9D6ACD873F20}.Release|Any CPU.ActiveCfg = Release|Any CPU
		{D8E95965-B4D5-4824-B696-9D6ACD873F20}.Release|Any CPU.Build.0 = Release|Any CPU
	EndGlobalSection
	GlobalSection(SolutionProperties) = preSolution
		HideSolutionNode = FALSE
	EndGlobalSection
	GlobalSection(ExtensibilityGlobals) = postSolution
		SolutionGuid = {F9F92A37-C9FD-4177-9E67-A83D7EB16700}
	EndGlobalSection
EndGlobal
